
Microsoft Visual Studio Solution File, Format Version 12.00
# Visual Studio 15
VisualStudioVersion = 15.0.28307.572
MinimumVisualStudioVersion = 10.0.40219.1
Project("{FAE04EC0-301F-11D3-BF4B-00C04F79EFBC}") = "All-Combinations-of-K-Elements-From-N", "All-Combinations-of-K-Elements-From-N\All-Combinations-of-K-Elements-From-N.csproj", "{FC0AE189-2B5B-4B1D-A963-7DA9C826542E}"
EndProject
Global
	GlobalSection(SolutionConfigurationPlatforms) = preSolution
		Debug|Any CPU = Debug|Any CPU
		Release|Any CPU = Release|Any CPU
	EndGlobalSection
	GlobalSection(ProjectConfigurationPlatforms) = postSolution
		{FC0AE189-2B5B-4B1D-A963-7DA9C826542E}.Debug|Any CPU.ActiveCfg = Debug|Any CPU
		{FC0AE189-2B5B-4B1D-A963-7DA9C826542E}.Debug|Any CPU.Build.0 = Debug|Any CPU
		{FC0AE189-2B5B-4B1D-A963-7DA9C826542E}.Release|Any CPU.ActiveCfg = Release|Any CPU
		{FC0AE189-2B5B-4B1D-A963-7DA9C826542E}.Release|Any CPU.Build.0 = Release|Any CPU
	EndGlobalSection
	GlobalSection(SolutionProperties) = preSolution
		HideSolutionNode = FALSE
	EndGlobalSection
	GlobalSection(ExtensibilityGlobals) = postSolution
		SolutionGuid = {F1C46353-D3D8-41C0-96F2-2E81598C7E24}
	EndGlobalSection
EndGlobal
